// !$*UTF8*$!
{
	archiveVersion = 1;
	classes = {
	};
	objectVersion = 50;
	objects = {

/* Begin PBXBuildFile section */
		EC189F522113D6B900B3744F /* AppDelegate.swift in Sources */ = {isa = PBXBuildFile; fileRef = EC189F512113D6B900B3744F /* AppDelegate.swift */; };
		EC189F542113D6B900B3744F /* ViewController.swift in Sources */ = {isa = PBXBuildFile; fileRef = EC189F532113D6B900B3744F /* ViewController.swift */; };
		EC189F572113D6B900B3744F /* Main.storyboard in Resources */ = {isa = PBXBuildFile; fileRef = EC189F552113D6B900B3744F /* Main.storyboard */; };
		EC189F592113D6BB00B3744F /* Assets.xcassets in Resources */ = {isa = PBXBuildFile; fileRef = EC189F582113D6BB00B3744F /* Assets.xcassets */; };
		EC189F5C2113D6BB00B3744F /* LaunchScreen.storyboard in Resources */ = {isa = PBXBuildFile; fileRef = EC189F5A2113D6BB00B3744F /* LaunchScreen.storyboard */; };
		EC189F642113E8FB00B3744F /* Instructions.txt in Resources */ = {isa = PBXBuildFile; fileRef = EC189F632113E8FB00B3744F /* Instructions.txt */; };
/* End PBXBuildFile section */

/* Begin PBXFileReference section */
		EC189F4E2113D6B900B3744F /* VegasRoulette.app */ = {isa = PBXFileReference; explicitFileType = wrapper.application; includeInIndex = 0; path = VegasRoulette.app; sourceTree = BUILT_PRODUCTS_DIR; };
		EC189F512113D6B900B3744F /* AppDelegate.swift */ = {isa = PBXFileReference; lastKnownFileType = sourcecode.swift; path = AppDelegate.swift; sourceTree = "<group>"; };
		EC189F532113D6B900B3744F /* ViewController.swift */ = {isa = PBXFileReference; lastKnownFileType = sourcecode.swift; path = ViewController.swift; sourceTree = "<group>"; };
		EC189F562113D6B900B3744F /* Base */ = {isa = PBXFileReference; lastKnownFileType = file.storyboard; name = Base; path = Base.lproj/Main.storyboard; sourceTree = "<group>"; };
		EC189F582113D6BB00B3744F /* Assets.xcassets */ = {isa = PBXFileReference; lastKnownFileType = folder.assetcatalog; path = Assets.xcassets; sourceTree = "<group>"; };
		EC189F5B2113D6BB00B3744F /* Base */ = {isa = PBXFileReference; lastKnownFileType = file.storyboard; name = Base; path = Base.lproj/LaunchScreen.storyboard; sourceTree = "<group>"; };
		EC189F5D2113D6BB00B3744F /* Info.plist */ = {isa = PBXFileReference; lastKnownFileType = text.plist.xml; path = Info.plist; sourceTree = "<group>"; };
		EC189F632113E8FB00B3744F /* Instructions.txt */ = {isa = PBXFileReference; fileEncoding = 4; lastKnownFileType = text; path = Instructions.txt; sourceTree = "<group>"; };
/* End PBXFileReference section */

/* Begin PBXFrameworksBuildPhase section */
		EC189F4B2113D6B900B3744F /* Frameworks */ = {
			isa = PBXFrameworksBuildPhase;
			buildActionMask = 2147483647;
			files = (
			);
			runOnlyForDeploymentPostprocessing = 0;
		};
/* End PBXFrameworksBuildPhase section */

/* Begin PBXGroup section */
		EC189F452113D6B900B3744F = {
			isa = PBXGroup;
			children = (
				EC189F502113D6B900B3744F /* VegasRoulette */,
				EC189F4F2113D6B900B3744F /* Products */,
			);
			sourceTree = "<group>";
		};
		EC189F4F2113D6B900B3744F /* Products */ = {
			isa = PBXGroup;
			children = (
				EC189F4E2113D6B900B3744F /* VegasRoulette.app */,
			);
			name = Products;
			sourceTree = "<group>";
		};
		EC189F502113D6B900B3744F /* VegasRoulette */ = {
			isa = PBXGroup;
			children = (
				EC189F632113E8FB00B3744F /* Instructions.txt */,
				EC189F512113D6B900B3744F /* AppDelegate.swift */,
				EC189F532113D6B900B3744F /* ViewController.swift */,
				EC189F552113D6B900B3744F /* Main.storyboard */,
				EC189F582113D6BB00B3744F /* Assets.xcassets */,
				EC189F5A2113D6BB00B3744F /* LaunchScreen.storyboard */,
				EC189F5D2113D6BB00B3744F /* Info.plist */,
			);
			path = VegasRoulette;
			sourceTree = "<group>";
		};
/* End PBXGroup section */

/* Begin PBXNativeTarget section */
		EC189F4D2113D6B900B3744F /* VegasRoulette */ = {
			isa = PBXNativeTarget;
			buildConfigurationList = EC189F602113D6BB00B3744F /* Build configuration list for PBXNativeTarget "VegasRoulette" */;
			buildPhases = (
				EC189F4A2113D6B900B3744F /* Sources */,
				EC189F4B2113D6B900B3744F /* Frameworks */,
				EC189F4C2113D6B900B3744F /* Resources */,
			);
			buildRules = (
			);
			dependencies = (
			);
			name = VegasRoulette;
			productName = VegasRoulette;
			productReference = EC189F4E2113D6B900B3744F /* VegasRoulette.app */;
			productType = "com.apple.product-type.application";
		};
/* End PBXNativeTarget section */

/* Begin PBXProject section */
		EC189F462113D6B900B3744F /* Project object */ = {
			isa = PBXProject;
			attributes = {
				LastSwiftUpdateCheck = 0940;
				LastUpgradeCheck = 0940;
				ORGANIZATIONNAME = "Niku Piku";
				TargetAttributes = {
					EC189F4D2113D6B900B3744F = {
						CreatedOnToolsVersion = 9.4.1;
					};
				};
			};
			buildConfigurationList = EC189F492113D6B900B3744F /* Build configuration list for PBXProject "VegasRoulette" */;
			compatibilityVersion = "Xcode 9.3";
			developmentRegion = en;
			hasScannedForEncodings = 0;
			knownRegions = (
				en,
				Base,
			);
			mainGroup = EC189F452113D6B900B3744F;
			productRefGroup = EC189F4F2113D6B900B3744F /* Products */;
			projectDirPath = "";
			projectRoot = "";
			targets = (
				EC189F4D2113D6B900B3744F /* VegasRoulette */,
			);
		};
/* End PBXProject section */

/* Begin PBXResourcesBuildPhase section */
		EC189F4C2113D6B900B3744F /* Resources */ = {
			isa = PBXResourcesBuildPhase;
			buildActionMask = 2147483647;
			files = (
				EC189F5C2113D6BB00B3744F /* LaunchScreen.storyboard in Resources */,
				EC189F592113D6BB00B3744F /* Assets.xcassets in Resources */,
				EC189F572113D6B900B3744F /* Main.storyboard in Resources */,
				EC189F642113E8FB00B3744F /* Instructions.txt in Resources */,
			);
			runOnlyForDeploymentPostprocessing = 0;
		};
/* End PBXResourcesBuildPhase section */

/* Begin PBXSourcesBuildPhase section */
		EC189F4A2113D6B900B3744F /* Sources */ = {
			isa = PBXSourcesBuildPhase;
			buildActionMask = 2147483647;
			files = (
				EC189F542113D6B900B3744F /* ViewController.swift in Sources */,
				EC189F522113D6B900B3744F /* AppDelegate.swift in Sources */,
			);
			runOnlyForDeploymentPostprocessing = 0;
		};
/* End PBXSourcesBuildPhase section */

/* Begin PBXVariantGroup section */
		EC189F552113D6B900B3744F /* Main.storyboard */ = {
			isa = PBXVariantGroup;
			children = (
				EC189F562113D6B900B3744F /* Base */,
			);
			name = Main.storyboard;
			sourceTree = "<group>";
		};
		EC189F5A2113D6BB00B3744F /* LaunchScreen.storyboard */ = {
			isa = PBXVariantGroup;
			children = (
				EC189F5B2113D6BB00B3744F /* Base */,
			);
			name = LaunchScreen.storyboard;
			sourceTree = "<group>";
		};
/* End PBXVariantGroup section */

/* Begin XCBuildConfiguration section */
		EC189F5E2113D6BB00B3744F /* Debug */ = {
			isa = XCBuildConfiguration;
			buildSettings = {
				ALWAYS_SEARCH_USER_PATHS = NO;
				CLANG_ANALYZER_NONNULL = YES;
				CLANG_ANALYZER_NUMBER_OBJECT_CONVERSION = YES_AGGRESSIVE;
				CLANG_CXX_LANGUAGE_STANDARD = "gnu++14";
				CLANG_CXX_LIBRARY = "libc++";
				CLANG_ENABLE_MODULES = YES;
				CLANG_ENABLE_OBJC_ARC = YES;
				CLANG_ENABLE_OBJC_WEAK = YES;
				CLANG_WARN_BLOCK_CAPTURE_AUTORELEASING = YES;
				CLANG_WARN_BOOL_CONVERSION = YES;
				CLANG_WARN_COMMA = YES;
				CLANG_WARN_CONSTANT_CONVERSION = YES;
				CLANG_WARN_DEPRECATED_OBJC_IMPLEMENTATIONS = YES;
				CLANG_WARN_DIRECT_OBJC_ISA_USAGE = YES_ERROR;
				CLANG_WARN_DOCUMENTATION_COMMENTS = YES;
				CLANG_WARN_EMPTY_BODY = YES;
				CLANG_WARN_ENUM_CONVERSION = YES;
				CLANG_WARN_INFINITE_RECURSION = YES;
				CLANG_WARN_INT_CONVERSION = YES;
				CLANG_WARN_NON_LITERAL_NULL_CONVERSION = YES;
				CLANG_WARN_OBJC_IMPLICIT_RETAIN_SELF = YES;
				CLANG_WARN_OBJC_LITERAL_CONVERSION = YES;
				CLANG_WARN_OBJC_ROOT_CLASS = YES_ERROR;
				CLANG_WARN_RANGE_LOOP_ANALYSIS = YES;
				CLANG_WARN_STRICT_PROTOTYPES = YES;
				CLANG_WARN_SUSPICIOUS_MOVE = YES;
				CLANG_WARN_UNGUARDED_AVAILABILITY = YES_AGGRESSIVE;
				CLANG_WARN_UNREACHABLE_CODE = YES;
				CLANG_WARN__DUPLICATE_METHOD_MATCH = YES;
				CODE_SIGN_IDENTITY = "iPhone Developer";
				COPY_PHASE_STRIP = NO;
				DEBUG_INFORMATION_FORMAT = dwarf;
				ENABLE_STRICT_OBJC_MSGSEND = YES;
				ENABLE_TESTABILITY = YES;
				GCC_C_LANGUAGE_STANDARD = gnu11;
				GCC_DYNAMIC_NO_PIC = NO;
				GCC_NO_COMMON_BLOCKS = YES;
				GCC_OPTIMIZATION_LEVEL = 0;
				GCC_PREPROCESSOR_DEFINITIONS = (
					"DEBUG=1",
					"$(inherited)",
				);
				GCC_WARN_64_TO_32_BIT_CONVERSION = YES;
				GCC_WARN_ABOUT_RETURN_TYPE = YES_ERROR;
				GCC_WARN_UNDECLARED_SELECTOR = YES;
				GCC_WARN_UNINITIALIZED_AUTOS = YES_AGGRESSIVE;
				GCC_WARN_UNUSED_FUNCTION = YES;
				GCC_WARN_UNUSED_VARIABLE = YES;
				IPHONEOS_DEPLOYMENT_TARGET = 11.4;
				MTL_ENABLE_DEBUG_INFO = YES;
				ONLY_ACTIVE_ARCH = YES;
				SDKROOT = iphoneos;
				SWIFT_ACTIVE_COMPILATION_CONDITIONS = DEBUG;
				SWIFT_OPTIMIZATION_LEVEL = "-Onone";
			};
			name = Debug;
		};
		EC189F5F2113D6BB00B3744F /* Release */ = {
			isa = XCBuildConfiguration;
			buildSettings = {
				ALWAYS_SEARCH_USER_PATHS = NO;
				CLANG_ANALYZER_NONNULL = YES;
				CLANG_ANALYZER_NUMBER_OBJECT_CONVERSION = YES_AGGRESSIVE;
				CLANG_CXX_LANGUAGE_STANDARD = "gnu++14";
				CLANG_CXX_LIBRARY = "libc++";
				CLANG_ENABLE_MODULES = YES;
				CLANG_ENABLE_OBJC_ARC = YES;
				CLANG_ENABLE_OBJC_WEAK = YES;
				CLANG_WARN_BLOCK_CAPTURE_AUTORELEASING = YES;
				CLANG_WARN_BOOL_CONVERSION = YES;
				CLANG_WARN_COMMA = YES;
				CLANG_WARN_CONSTANT_CONVERSION = YES;
				CLANG_WARN_DEPRECATED_OBJC_IMPLEMENTATIONS = YES;
				CLANG_WARN_DIRECT_OBJC_ISA_USAGE = YES_ERROR;
				CLANG_WARN_DOCUMENTATION_COMMENTS = YES;
				CLANG_WARN_EMPTY_BODY = YES;
				CLANG_WARN_ENUM_CONVERSION = YES;
				CLANG_WARN_INFINITE_RECURSION = YES;
				CLANG_WARN_INT_CONVERSION = YES;
				CLANG_WARN_NON_LITERAL_NULL_CONVERSION = YES;
				CLANG_WARN_OBJC_IMPLICIT_RETAIN_SELF = YES;
				CLANG_WARN_OBJC_LITERAL_CONVERSION = YES;
				CLANG_WARN_OBJC_ROOT_CLASS = YES_ERROR;
				CLANG_WARN_RANGE_LOOP_ANALYSIS = YES;
				CLANG_WARN_STRICT_PROTOTYPES = YES;
				CLANG_WARN_SUSPICIOUS_MOVE = YES;
				CLANG_WARN_UNGUARDED_AVAILABILITY = YES_AGGRESSIVE;
				CLANG_WARN_UNREACHABLE_CODE = YES;
				CLANG_WARN__DUPLICATE_METHOD_MATCH = YES;
				CODE_SIGN_IDENTITY = "iPhone Developer";
				COPY_PHASE_STRIP = NO;
				DEBUG_INFORMATION_FORMAT = "dwarf-with-dsym";
				ENABLE_NS_ASSERTIONS = NO;
				ENABLE_STRICT_OBJC_MSGSEND = YES;
				GCC_C_LANGUAGE_STANDARD = gnu11;
				GCC_NO_COMMON_BLOCKS = YES;
				GCC_WARN_64_TO_32_BIT_CONVERSION = YES;
				GCC_WARN_ABOUT_RETURN_TYPE = YES_ERROR;
				GCC_WARN_UNDECLARED_SELECTOR = YES;
				GCC_WARN_UNINITIALIZED_AUTOS = YES_AGGRESSIVE;
				GCC_WARN_UNUSED_FUNCTION = YES;
				GCC_WARN_UNUSED_VARIABLE = YES;
				IPHONEOS_DEPLOYMENT_TARGET = 11.4;
				MTL_ENABLE_DEBUG_INFO = NO;
				SDKROOT = iphoneos;
				SWIFT_COMPILATION_MODE = wholemodule;
				SWIFT_OPTIMIZATION_LEVEL = "-O";
				VALIDATE_PRODUCT = YES;
			};
			name = Release;
		};
		EC189F612113D6BB00B3744F /* Debug */ = {
			isa = XCBuildConfiguration;
			buildSettings = {
				ASSETCATALOG_COMPILER_APPICON_NAME = AppIcon;
				CODE_SIGN_STYLE = Automatic;
				DEVELOPMENT_TEAM = 2GPWZ865NS;
				INFOPLIST_FILE = VegasRoulette/Info.plist;
				LD_RUNPATH_SEARCH_PATHS = (
					"$(inherited)",
					"@executable_path/Frameworks",
				);
				PRODUCT_BUNDLE_IDENTIFIER = com.nikupiku.VegasRoulette;
				PRODUCT_NAME = "$(TARGET_NAME)";
				SWIFT_VERSION = 4.0;
				TARGETED_DEVICE_FAMILY = "1,2";
			};
			name = Debug;
		};
		EC189F622113D6BB00B3744F /* Release */ = {
			isa = XCBuildConfiguration;
			buildSettings = {
				ASSETCATALOG_COMPILER_APPICON_NAME = AppIcon;
				CODE_SIGN_STYLE = Automatic;
				DEVELOPMENT_TEAM = 2GPWZ865NS;
				INFOPLIST_FILE = VegasRoulette/Info.plist;
				LD_RUNPATH_SEARCH_PATHS = (
					"$(inherited)",
					"@executable_path/Frameworks",
				);
				PRODUCT_BUNDLE_IDENTIFIER = com.nikupiku.VegasRoulette;
				PRODUCT_NAME = "$(TARGET_NAME)";
				SWIFT_VERSION = 4.0;
				TARGETED_DEVICE_FAMILY = "1,2";
			};
			name = Release;
		};
/* End XCBuildConfiguration section */

/* Begin XCConfigurationList section */
		EC189F492113D6B900B3744F /* Build configuration list for PBXProject "VegasRoulette" */ = {
			isa = XCConfigurationList;
			buildConfigurations = (
				EC189F5E2113D6BB00B3744F /* Debug */,
				EC189F5F2113D6BB00B3744F /* Release */,
			);
			defaultConfigurationIsVisible = 0;
			defaultConfigurationName = Release;
		};
		EC189F602113D6BB00B3744F /* Build configuration list for PBXNativeTarget "VegasRoulette" */ = {
			isa = XCConfigurationList;
			buildConfigurations = (
				EC189F612113D6BB00B3744F /* Debug */,
				EC189F622113D6BB00B3744F /* Release */,
			);
			defaultConfigurationIsVisible = 0;
			defaultConfigurationName = Release;
		};
/* End XCConfigurationList section */
	};
	rootObject = EC189F462113D6B900B3744F /* Project object */;
}
